
Microsoft Visual Studio Solution File, Format Version 12.00
# Visual Studio 14
VisualStudioVersion = 14.0.23107.0
MinimumVisualStudioVersion = 10.0.40219.1
Project("{FAE04EC0-301F-11D3-BF4B-00C04F79EFBC}") = "KavordMinistries", "KavordMinistries\KavordMinistries.csproj", "{311EA1C7-DF00-477B-A7CD-716243D3F50B}"
EndProject
Project("{FAE04EC0-301F-11D3-BF4B-00C04F79EFBC}") = "UnitTesting", "UnitTesting\UnitTesting.csproj", "{82CBD082-5BE9-499D-A81B-02942F3BACFC}"
EndProject
Project("{2150E333-8FDC-42A3-9474-1A3956D46DE8}") = "KavordMinistries_web", "KavordMinistries_web", "{3B2A9B6A-D338-4441-A470-3C0A35B380F0}"
EndProject
Project("{2150E333-8FDC-42A3-9474-1A3956D46DE8}") = "KavordMinistries_Tests", "KavordMinistries_Tests", "{A5D68C39-D546-467E-9FEE-A07C161A95E7}"
EndProject
Project("{2150E333-8FDC-42A3-9474-1A3956D46DE8}") = "KavordMinistries_Domain", "KavordMinistries_Domain", "{8BE89D15-A99C-4429-906E-3B197407FEBA}"
EndProject
Project("{2150E333-8FDC-42A3-9474-1A3956D46DE8}") = "KavordMinistries_Api", "KavordMinistries_Api", "{AB0288F2-3954-40DC-869B-27AF9831DB5C}"
EndProject
Project("{FAE04EC0-301F-11D3-BF4B-00C04F79EFBC}") = "KavordMinistriesApi", "KavordMinistriesApi\KavordMinistriesApi.csproj", "{A6BD57C8-C960-402B-8F66-0F56AE4A9365}"
EndProject
Project("{FAE04EC0-301F-11D3-BF4B-00C04F79EFBC}") = "KavordMinistriesDomain", "KavordMinistriesDomain\KavordMinistriesDomain.csproj", "{3E8CF1AC-F8D4-45D7-9CC6-984C1D610148}"
EndProject
Global
	GlobalSection(SolutionConfigurationPlatforms) = preSolution
		Debug|Any CPU = Debug|Any CPU
		Release|Any CPU = Release|Any CPU
	EndGlobalSection
	GlobalSection(ProjectConfigurationPlatforms) = postSolution
		{311EA1C7-DF00-477B-A7CD-716243D3F50B}.Debug|Any CPU.ActiveCfg = Debug|Any CPU
		{311EA1C7-DF00-477B-A7CD-716243D3F50B}.Debug|Any CPU.Build.0 = Debug|Any CPU
		{311EA1C7-DF00-477B-A7CD-716243D3F50B}.Release|Any CPU.ActiveCfg = Release|Any CPU
		{311EA1C7-DF00-477B-A7CD-716243D3F50B}.Release|Any CPU.Build.0 = Release|Any CPU
		{82CBD082-5BE9-499D-A81B-02942F3BACFC}.Debug|Any CPU.ActiveCfg = Debug|Any CPU
		{82CBD082-5BE9-499D-A81B-02942F3BACFC}.Debug|Any CPU.Build.0 = Debug|Any CPU
		{82CBD082-5BE9-499D-A81B-02942F3BACFC}.Release|Any CPU.ActiveCfg = Release|Any CPU
		{82CBD082-5BE9-499D-A81B-02942F3BACFC}.Release|Any CPU.Build.0 = Release|Any CPU
		{A6BD57C8-C960-402B-8F66-0F56AE4A9365}.Debug|Any CPU.ActiveCfg = Debug|Any CPU
		{A6BD57C8-C960-402B-8F66-0F56AE4A9365}.Debug|Any CPU.Build.0 = Debug|Any CPU
		{A6BD57C8-C960-402B-8F66-0F56AE4A9365}.Release|Any CPU.ActiveCfg = Release|Any CPU
		{A6BD57C8-C960-402B-8F66-0F56AE4A9365}.Release|Any CPU.Build.0 = Release|Any CPU
		{3E8CF1AC-F8D4-45D7-9CC6-984C1D610148}.Debug|Any CPU.ActiveCfg = Debug|Any CPU
		{3E8CF1AC-F8D4-45D7-9CC6-984C1D610148}.Debug|Any CPU.Build.0 = Debug|Any CPU
		{3E8CF1AC-F8D4-45D7-9CC6-984C1D610148}.Release|Any CPU.ActiveCfg = Release|Any CPU
		{3E8CF1AC-F8D4-45D7-9CC6-984C1D610148}.Release|Any CPU.Build.0 = Release|Any CPU
	EndGlobalSection
	GlobalSection(SolutionProperties) = preSolution
		HideSolutionNode = FALSE
	EndGlobalSection
	GlobalSection(NestedProjects) = preSolution
		{311EA1C7-DF00-477B-A7CD-716243D3F50B} = {3B2A9B6A-D338-4441-A470-3C0A35B380F0}
		{82CBD082-5BE9-499D-A81B-02942F3BACFC} = {A5D68C39-D546-467E-9FEE-A07C161A95E7}
		{A6BD57C8-C960-402B-8F66-0F56AE4A9365} = {AB0288F2-3954-40DC-869B-27AF9831DB5C}
		{3E8CF1AC-F8D4-45D7-9CC6-984C1D610148} = {8BE89D15-A99C-4429-906E-3B197407FEBA}
	EndGlobalSection
EndGlobal
